{
  "version": 4,
  "terraform_version": "1.1.6",
  "serial": 5,
  "lineage": "dc7743a6-f2a4-4648-04ae-0291dd6e4648",
  "outputs": {
    "external_ip_address_node01_yandex_cloud": {
      "value": "62.84.113.90",
      "type": "string"
    },
    "internal_ip_address_node01_yandex_cloud": {
      "value": "192.168.101.23",
      "type": "string"
    }
  },
  "resources": [
    {
      "mode": "managed",
      "type": "yandex_compute_instance",
      "name": "node01",
      "provider": "provider[\"registry.terraform.io/yandex-cloud/yandex\"]",
      "instances": [
        {
          "schema_version": 1,
          "attributes": {
            "allow_stopping_for_update": true,
            "boot_disk": [
              {
                "auto_delete": true,
                "device_name": "fhmf0p0ofn0taeago4lj",
                "disk_id": "fhmf0p0ofn0taeago4lj",
                "initialize_params": [
                  {
                    "block_size": 4096,
                    "description": "",
                    "image_id": "fd84sf88mu12n3fkljfk",
                    "name": "root-node01",
                    "size": 50,
                    "snapshot_id": "",
                    "type": "network-ssd"
                  }
                ],
                "mode": "READ_WRITE"
              }
            ],
            "created_at": "2022-02-21T22:36:23Z",
            "description": "",
            "folder_id": "b1gvoe0lvheasnjrk58t",
            "fqdn": "node01.netology.cloud",
            "hostname": "node01",
            "id": "fhmv42qfv59hklptbg4i",
            "labels": null,
            "metadata": {
              "ssh-keys": "centos:ssh-rsa AAAAB3NzaC1yc2EAAAADAQABAAABgQCnRWUyYtf5QVRERdBHn4mIyYCE1qJD+gIX5/ER6v0MhxDEWDWgoy5oDvUXl1YrLUZkBq1OtncYG6C7uGEHPu8oF/MGaf6mrhvpbKRhlOCGmaL8kw4yo7xWnfLaIxBubcF1dhPnsTrdm0ttDuXkCtZX0OmapFWUEGln39Q9+Nm5n+1RLzn8+ZmD93dB7JIZk57qRds5ssyDeCccNdVolZD9FKI6iJVkq8FxkVU/J1WNCJugDGayj9Dc0ZnMfifravuDPm1/UaCm3onBHPRqxME9XRxqg7FanfIPTJQY3Ibv4a8Vdx2H0/QyWLIwpwfQ9XD0722KrSuEyryGlkHJSnlDWJ7Psq7y6/NvSQbJf8H0OGJxjObtOFlIrq2KbZILHQHODoAjT0471Ax9tE5QI86G9s4GAzBiFkV4xCcgQ+bzdcukVSOUA2CNlD9G5VgoygOjcDgF8ea9dnUNh7J3f4QZX5GVurJ2b7YU77oDsaj3mFe/XmDFbt+6ByhMD6dJfR8= georgijsivkov@MacBook-Pro-Georgij.local\n"
            },
            "name": "node01",
            "network_acceleration_type": "standard",
            "network_interface": [
              {
                "dns_record": [],
                "index": 0,
                "ip_address": "192.168.101.23",
                "ipv4": true,
                "ipv6": false,
                "ipv6_address": "",
                "ipv6_dns_record": [],
                "mac_address": "d0:0d:1f:20:b4:ff",
                "nat": true,
                "nat_dns_record": [],
                "nat_ip_address": "62.84.113.90",
                "nat_ip_version": "IPV4",
                "security_group_ids": [],
                "subnet_id": "e9bnealvk0dkp3ft90a3"
              }
            ],
            "placement_policy": [
              {
                "placement_group_id": ""
              }
            ],
            "platform_id": "standard-v1",
            "resources": [
              {
                "core_fraction": 100,
                "cores": 8,
                "gpus": 0,
                "memory": 8
              }
            ],
            "scheduling_policy": [
              {
                "preemptible": false
              }
            ],
            "secondary_disk": [],
            "service_account_id": "",
            "status": "running",
            "timeouts": null,
            "zone": "ru-central1-a"
          },
          "sensitive_attributes": [],
          "private": "eyJlMmJmYjczMC1lY2FhLTExZTYtOGY4OC0zNDM2M2JjN2M0YzAiOnsiY3JlYXRlIjozMDAwMDAwMDAwMDAsImRlbGV0ZSI6MzAwMDAwMDAwMDAwLCJ1cGRhdGUiOjMwMDAwMDAwMDAwMH0sInNjaGVtYV92ZXJzaW9uIjoiMSJ9",
          "dependencies": [
            "yandex_vpc_network.default",
            "yandex_vpc_subnet.default"
          ]
        }
      ]
    },
    {
      "mode": "managed",
      "type": "yandex_vpc_network",
      "name": "default",
      "provider": "provider[\"registry.terraform.io/yandex-cloud/yandex\"]",
      "instances": [
        {
          "schema_version": 0,
          "attributes": {
            "created_at": "2022-02-21T22:36:21Z",
            "default_security_group_id": "",
            "description": "",
            "folder_id": "b1gvoe0lvheasnjrk58t",
            "id": "enpqeu0octtge2pbvah6",
            "labels": {},
            "name": "net",
            "subnet_ids": [],
            "timeouts": null
          },
          "sensitive_attributes": [],
          "private": "eyJlMmJmYjczMC1lY2FhLTExZTYtOGY4OC0zNDM2M2JjN2M0YzAiOnsiY3JlYXRlIjo2MDAwMDAwMDAwMCwiZGVsZXRlIjo2MDAwMDAwMDAwMCwidXBkYXRlIjo2MDAwMDAwMDAwMH19"
        }
      ]
    },
    {
      "mode": "managed",
      "type": "yandex_vpc_subnet",
      "name": "default",
      "provider": "provider[\"registry.terraform.io/yandex-cloud/yandex\"]",
      "instances": [
        {
          "schema_version": 0,
          "attributes": {
            "created_at": "2022-02-21T22:36:22Z",
            "description": "",
            "dhcp_options": [],
            "folder_id": "b1gvoe0lvheasnjrk58t",
            "id": "e9bnealvk0dkp3ft90a3",
            "labels": {},
            "name": "subnet",
            "network_id": "enpqeu0octtge2pbvah6",
            "route_table_id": "",
            "timeouts": null,
            "v4_cidr_blocks": [
              "192.168.101.0/24"
            ],
            "v6_cidr_blocks": [],
            "zone": "ru-central1-a"
          },
          "sensitive_attributes": [],
          "private": "eyJlMmJmYjczMC1lY2FhLTExZTYtOGY4OC0zNDM2M2JjN2M0YzAiOnsiY3JlYXRlIjoxODAwMDAwMDAwMDAsImRlbGV0ZSI6MTgwMDAwMDAwMDAwLCJ1cGRhdGUiOjE4MDAwMDAwMDAwMH19",
          "dependencies": [
            "yandex_vpc_network.default"
          ]
        }
      ]
    }
  ]
}
